
Microsoft Visual Studio Solution File, Format Version 12.00
# Visual Studio Version 17
VisualStudioVersion = 17.5.33103.201
MinimumVisualStudioVersion = 10.0.40219.1
Project("{9A19103F-16F7-4668-BE54-9A1E7A4F7556}") = "UserManager.Server", "UserManager.Server\UserManager.Server.csproj", "{0C33FD7C-DE57-45A9-A6D6-EA60E547D780}"
EndProject
Project("{FAE04EC0-301F-11D3-BF4B-00C04F79EFBC}") = "UserManager.Razor", "UserManager.Razor\UserManager.Razor.csproj", "{B22BE840-22AE-4B87-A19D-240EC225892E}"
EndProject
Project("{FAE04EC0-301F-11D3-BF4B-00C04F79EFBC}") = "UserManager.WebClient", "UserManager.WebClient\UserManager.WebClient.csproj", "{51C5FAA6-9F5A-4AD6-BD9B-8F73021B5AB1}"
EndProject
Project("{FAE04EC0-301F-11D3-BF4B-00C04F79EFBC}") = "UserManager.Shared", "UserManager.Shared\UserManager.Shared.csproj", "{0DA5768B-4BA3-4680-A55E-E2D11D75B716}"
EndProject
Global
	GlobalSection(SolutionConfigurationPlatforms) = preSolution
		Debug|Any CPU = Debug|Any CPU
		Release|Any CPU = Release|Any CPU
	EndGlobalSection
	GlobalSection(ProjectConfigurationPlatforms) = postSolution
		{0C33FD7C-DE57-45A9-A6D6-EA60E547D780}.Debug|Any CPU.ActiveCfg = Debug|Any CPU
		{0C33FD7C-DE57-45A9-A6D6-EA60E547D780}.Debug|Any CPU.Build.0 = Debug|Any CPU
		{0C33FD7C-DE57-45A9-A6D6-EA60E547D780}.Release|Any CPU.ActiveCfg = Release|Any CPU
		{0C33FD7C-DE57-45A9-A6D6-EA60E547D780}.Release|Any CPU.Build.0 = Release|Any CPU
		{B22BE840-22AE-4B87-A19D-240EC225892E}.Debug|Any CPU.ActiveCfg = Debug|Any CPU
		{B22BE840-22AE-4B87-A19D-240EC225892E}.Debug|Any CPU.Build.0 = Debug|Any CPU
		{B22BE840-22AE-4B87-A19D-240EC225892E}.Release|Any CPU.ActiveCfg = Release|Any CPU
		{B22BE840-22AE-4B87-A19D-240EC225892E}.Release|Any CPU.Build.0 = Release|Any CPU
		{51C5FAA6-9F5A-4AD6-BD9B-8F73021B5AB1}.Debug|Any CPU.ActiveCfg = Debug|Any CPU
		{51C5FAA6-9F5A-4AD6-BD9B-8F73021B5AB1}.Debug|Any CPU.Build.0 = Debug|Any CPU
		{51C5FAA6-9F5A-4AD6-BD9B-8F73021B5AB1}.Release|Any CPU.ActiveCfg = Release|Any CPU
		{51C5FAA6-9F5A-4AD6-BD9B-8F73021B5AB1}.Release|Any CPU.Build.0 = Release|Any CPU
		{0DA5768B-4BA3-4680-A55E-E2D11D75B716}.Debug|Any CPU.ActiveCfg = Debug|Any CPU
		{0DA5768B-4BA3-4680-A55E-E2D11D75B716}.Debug|Any CPU.Build.0 = Debug|Any CPU
		{0DA5768B-4BA3-4680-A55E-E2D11D75B716}.Release|Any CPU.ActiveCfg = Release|Any CPU
		{0DA5768B-4BA3-4680-A55E-E2D11D75B716}.Release|Any CPU.Build.0 = Release|Any CPU
	EndGlobalSection
	GlobalSection(SolutionProperties) = preSolution
		HideSolutionNode = FALSE
	EndGlobalSection
	GlobalSection(ExtensibilityGlobals) = postSolution
		SolutionGuid = {A8D4E04E-7A63-4F3B-B436-5A298F4D1DF5}
	EndGlobalSection
EndGlobal
