
Microsoft Visual Studio Solution File, Format Version 12.00
# Visual Studio Version 16
VisualStudioVersion = 25.0.1700.5
MinimumVisualStudioVersion = 10.0.40219.1
Project("{FAE04EC0-301F-11D3-BF4B-00C04F79EFBC}") = "UserManager.Server", "UserManager\Server\UserManager.Server.csproj", "{9030A550-98DB-4B86-A579-A247517680A2}"
EndProject
Project("{FAE04EC0-301F-11D3-BF4B-00C04F79EFBC}") = "UserManager.Client", "UserManager\Client\UserManager.Client.csproj", "{D630E0AC-9114-4694-98DA-CA1758285DA2}"
EndProject
Project("{FAE04EC0-301F-11D3-BF4B-00C04F79EFBC}") = "UserManager.Shared", "UserManager\Shared\UserManager.Shared.csproj", "{BA7EC51D-24CC-47F0-828A-4C0A2566D230}"
EndProject
Global
	GlobalSection(SolutionConfigurationPlatforms) = preSolution
		Debug|Any CPU = Debug|Any CPU
		Release|Any CPU = Release|Any CPU
	EndGlobalSection
	GlobalSection(ProjectConfigurationPlatforms) = postSolution
		{9030A550-98DB-4B86-A579-A247517680A2}.Debug|Any CPU.ActiveCfg = Debug|Any CPU
		{9030A550-98DB-4B86-A579-A247517680A2}.Debug|Any CPU.Build.0 = Debug|Any CPU
		{9030A550-98DB-4B86-A579-A247517680A2}.Release|Any CPU.ActiveCfg = Release|Any CPU
		{9030A550-98DB-4B86-A579-A247517680A2}.Release|Any CPU.Build.0 = Release|Any CPU
		{D630E0AC-9114-4694-98DA-CA1758285DA2}.Debug|Any CPU.ActiveCfg = Debug|Any CPU
		{D630E0AC-9114-4694-98DA-CA1758285DA2}.Debug|Any CPU.Build.0 = Debug|Any CPU
		{D630E0AC-9114-4694-98DA-CA1758285DA2}.Release|Any CPU.ActiveCfg = Release|Any CPU
		{D630E0AC-9114-4694-98DA-CA1758285DA2}.Release|Any CPU.Build.0 = Release|Any CPU
		{BA7EC51D-24CC-47F0-828A-4C0A2566D230}.Debug|Any CPU.ActiveCfg = Debug|Any CPU
		{BA7EC51D-24CC-47F0-828A-4C0A2566D230}.Debug|Any CPU.Build.0 = Debug|Any CPU
		{BA7EC51D-24CC-47F0-828A-4C0A2566D230}.Release|Any CPU.ActiveCfg = Release|Any CPU
		{BA7EC51D-24CC-47F0-828A-4C0A2566D230}.Release|Any CPU.Build.0 = Release|Any CPU
	EndGlobalSection
	GlobalSection(SolutionProperties) = preSolution
		HideSolutionNode = FALSE
	EndGlobalSection
	GlobalSection(ExtensibilityGlobals) = postSolution
		SolutionGuid = {9DCCBCA5-7E6D-45E6-A368-A9F2FC24D855}
	EndGlobalSection
EndGlobal
